
Microsoft Visual Studio Solution File, Format Version 12.00
# Visual Studio Version 16
VisualStudioVersion = 16.0.30907.101
MinimumVisualStudioVersion = 10.0.40219.1
Project("{FAE04EC0-301F-11D3-BF4B-00C04F79EFBC}") = "CompGiveThought", "CompGiveThought\CompGiveThought.csproj", "{9DB2873E-724C-4A36-9D98-E0B64155502E}"
EndProject
Global
	GlobalSection(SolutionConfigurationPlatforms) = preSolution
		Debug|Any CPU = Debug|Any CPU
		Release|Any CPU = Release|Any CPU
	EndGlobalSection
	GlobalSection(ProjectConfigurationPlatforms) = postSolution
		{9DB2873E-724C-4A36-9D98-E0B64155502E}.Debug|Any CPU.ActiveCfg = Debug|Any CPU
		{9DB2873E-724C-4A36-9D98-E0B64155502E}.Debug|Any CPU.Build.0 = Debug|Any CPU
		{9DB2873E-724C-4A36-9D98-E0B64155502E}.Release|Any CPU.ActiveCfg = Release|Any CPU
		{9DB2873E-724C-4A36-9D98-E0B64155502E}.Release|Any CPU.Build.0 = Release|Any CPU
	EndGlobalSection
	GlobalSection(SolutionProperties) = preSolution
		HideSolutionNode = FALSE
	EndGlobalSection
	GlobalSection(ExtensibilityGlobals) = postSolution
		SolutionGuid = {C1F64F89-49DE-4A0A-BCBB-0881F13DF6AE}
	EndGlobalSection
EndGlobal
